// !$*UTF8*$!
{
	archiveVersion = 1;
	classes = {
	};
	objectVersion = 46;
	objects = {

/* Begin PBXBuildFile section */
		4419F4321AD88D0200904268 /* AppDelegate.swift in Sources */ = {isa = PBXBuildFile; fileRef = 4419F4311AD88D0200904268 /* AppDelegate.swift */; };
		4419F4351AD88D0200904268 /* PaceCarJoe.xcdatamodeld in Sources */ = {isa = PBXBuildFile; fileRef = 4419F4331AD88D0200904268 /* PaceCarJoe.xcdatamodeld */; };
		4419F43A1AD88D0200904268 /* Main.storyboard in Resources */ = {isa = PBXBuildFile; fileRef = 4419F4381AD88D0200904268 /* Main.storyboard */; };
		4419F43C1AD88D0200904268 /* Images.xcassets in Resources */ = {isa = PBXBuildFile; fileRef = 4419F43B1AD88D0200904268 /* Images.xcassets */; };
		4419F43F1AD88D0200904268 /* LaunchScreen.xib in Resources */ = {isa = PBXBuildFile; fileRef = 4419F43D1AD88D0200904268 /* LaunchScreen.xib */; };
		4419F44B1AD88D0200904268 /* PaceCarJoeTests.swift in Sources */ = {isa = PBXBuildFile; fileRef = 4419F44A1AD88D0200904268 /* PaceCarJoeTests.swift */; };
		4419F4551AD88E9C00904268 /* MainViewController.swift in Sources */ = {isa = PBXBuildFile; fileRef = 4419F4541AD88E9C00904268 /* MainViewController.swift */; };
		4419F4571AD88F0F00904268 /* AboutViewController.swift in Sources */ = {isa = PBXBuildFile; fileRef = 4419F4561AD88F0F00904268 /* AboutViewController.swift */; };
		44EF4D191B0568E800EC6A6C /* AuthenticateUser.swift in Sources */ = {isa = PBXBuildFile; fileRef = 44EF4D181B0568E800EC6A6C /* AuthenticateUser.swift */; };
		44EF4D1B1B05693500EC6A6C /* LocalAuthentication.framework in Frameworks */ = {isa = PBXBuildFile; fileRef = 44EF4D1A1B05693500EC6A6C /* LocalAuthentication.framework */; };
		44EF4D1D1B0569A200EC6A6C /* LoginViewController.swift in Sources */ = {isa = PBXBuildFile; fileRef = 44EF4D1C1B0569A200EC6A6C /* LoginViewController.swift */; };
		44EF4D1F1B0569F500EC6A6C /* CreateAccountViewController.swift in Sources */ = {isa = PBXBuildFile; fileRef = 44EF4D1E1B0569F500EC6A6C /* CreateAccountViewController.swift */; };
		44EF4D221B058B7000EC6A6C /* James.jpg in Resources */ = {isa = PBXBuildFile; fileRef = 44EF4D211B058B7000EC6A6C /* James.jpg */; };
		44EF4D241B09195900EC6A6C /* MusicViewController.swift in Sources */ = {isa = PBXBuildFile; fileRef = 44EF4D231B09195900EC6A6C /* MusicViewController.swift */; };
		44EF4D261B09199500EC6A6C /* ShowsViewController.swift in Sources */ = {isa = PBXBuildFile; fileRef = 44EF4D251B09199500EC6A6C /* ShowsViewController.swift */; };
		44EF4D281B0919A500EC6A6C /* ContactViewController.swift in Sources */ = {isa = PBXBuildFile; fileRef = 44EF4D271B0919A500EC6A6C /* ContactViewController.swift */; };
		44EF4D2A1B093C4E00EC6A6C /* AVFoundation.framework in Frameworks */ = {isa = PBXBuildFile; fileRef = 44EF4D291B093C4E00EC6A6C /* AVFoundation.framework */; };
/* End PBXBuildFile section */

/* Begin PBXContainerItemProxy section */
		4419F4451AD88D0200904268 /* PBXContainerItemProxy */ = {
			isa = PBXContainerItemProxy;
			containerPortal = 4419F4241AD88D0200904268 /* Project object */;
			proxyType = 1;
			remoteGlobalIDString = 4419F42B1AD88D0200904268;
			remoteInfo = PaceCarJoe;
		};
/* End PBXContainerItemProxy section */

/* Begin PBXFileReference section */
		4419F42C1AD88D0200904268 /* PaceCarJoe.app */ = {isa = PBXFileReference; explicitFileType = wrapper.application; includeInIndex = 0; path = PaceCarJoe.app; sourceTree = BUILT_PRODUCTS_DIR; };
		4419F4301AD88D0200904268 /* Info.plist */ = {isa = PBXFileReference; lastKnownFileType = text.plist.xml; path = Info.plist; sourceTree = "<group>"; };
		4419F4311AD88D0200904268 /* AppDelegate.swift */ = {isa = PBXFileReference; lastKnownFileType = sourcecode.swift; path = AppDelegate.swift; sourceTree = "<group>"; };
		4419F4341AD88D0200904268 /* PaceCarJoe.xcdatamodel */ = {isa = PBXFileReference; lastKnownFileType = wrapper.xcdatamodel; path = PaceCarJoe.xcdatamodel; sourceTree = "<group>"; };
		4419F4391AD88D0200904268 /* Base */ = {isa = PBXFileReference; lastKnownFileType = file.storyboard; name = Base; path = Base.lproj/Main.storyboard; sourceTree = "<group>"; };
		4419F43B1AD88D0200904268 /* Images.xcassets */ = {isa = PBXFileReference; lastKnownFileType = folder.assetcatalog; path = Images.xcassets; sourceTree = "<group>"; };
		4419F43E1AD88D0200904268 /* Base */ = {isa = PBXFileReference; lastKnownFileType = file.xib; name = Base; path = Base.lproj/LaunchScreen.xib; sourceTree = "<group>"; };
		4419F4441AD88D0200904268 /* PaceCarJoeTests.xctest */ = {isa = PBXFileReference; explicitFileType = wrapper.cfbundle; includeInIndex = 0; path = PaceCarJoeTests.xctest; sourceTree = BUILT_PRODUCTS_DIR; };
		4419F4491AD88D0200904268 /* Info.plist */ = {isa = PBXFileReference; lastKnownFileType = text.plist.xml; path = Info.plist; sourceTree = "<group>"; };
		4419F44A1AD88D0200904268 /* PaceCarJoeTests.swift */ = {isa = PBXFileReference; lastKnownFileType = sourcecode.swift; path = PaceCarJoeTests.swift; sourceTree = "<group>"; };
		4419F4541AD88E9C00904268 /* MainViewController.swift */ = {isa = PBXFileReference; fileEncoding = 4; lastKnownFileType = sourcecode.swift; path = MainViewController.swift; sourceTree = "<group>"; };
		4419F4561AD88F0F00904268 /* AboutViewController.swift */ = {isa = PBXFileReference; fileEncoding = 4; lastKnownFileType = sourcecode.swift; name = AboutViewController.swift; path = ../AboutViewController.swift; sourceTree = "<group>"; };
		44EF4D181B0568E800EC6A6C /* AuthenticateUser.swift */ = {isa = PBXFileReference; fileEncoding = 4; lastKnownFileType = sourcecode.swift; path = AuthenticateUser.swift; sourceTree = "<group>"; };
		44EF4D1A1B05693500EC6A6C /* LocalAuthentication.framework */ = {isa = PBXFileReference; lastKnownFileType = wrapper.framework; name = LocalAuthentication.framework; path = System/Library/Frameworks/LocalAuthentication.framework; sourceTree = SDKROOT; };
		44EF4D1C1B0569A200EC6A6C /* LoginViewController.swift */ = {isa = PBXFileReference; fileEncoding = 4; lastKnownFileType = sourcecode.swift; path = LoginViewController.swift; sourceTree = "<group>"; };
		44EF4D1E1B0569F500EC6A6C /* CreateAccountViewController.swift */ = {isa = PBXFileReference; fileEncoding = 4; lastKnownFileType = sourcecode.swift; path = CreateAccountViewController.swift; sourceTree = "<group>"; };
		44EF4D211B058B7000EC6A6C /* James.jpg */ = {isa = PBXFileReference; lastKnownFileType = image.jpeg; path = James.jpg; sourceTree = "<group>"; };
		44EF4D231B09195900EC6A6C /* MusicViewController.swift */ = {isa = PBXFileReference; fileEncoding = 4; lastKnownFileType = sourcecode.swift; path = MusicViewController.swift; sourceTree = "<group>"; };
		44EF4D251B09199500EC6A6C /* ShowsViewController.swift */ = {isa = PBXFileReference; fileEncoding = 4; lastKnownFileType = sourcecode.swift; path = ShowsViewController.swift; sourceTree = "<group>"; };
		44EF4D271B0919A500EC6A6C /* ContactViewController.swift */ = {isa = PBXFileReference; fileEncoding = 4; lastKnownFileType = sourcecode.swift; path = ContactViewController.swift; sourceTree = "<group>"; };
		44EF4D291B093C4E00EC6A6C /* AVFoundation.framework */ = {isa = PBXFileReference; lastKnownFileType = wrapper.framework; name = AVFoundation.framework; path = System/Library/Frameworks/AVFoundation.framework; sourceTree = SDKROOT; };
/* End PBXFileReference section */

/* Begin PBXFrameworksBuildPhase section */
		4419F4291AD88D0200904268 /* Frameworks */ = {
			isa = PBXFrameworksBuildPhase;
			buildActionMask = 2147483647;
			files = (
				44EF4D2A1B093C4E00EC6A6C /* AVFoundation.framework in Frameworks */,
				44EF4D1B1B05693500EC6A6C /* LocalAuthentication.framework in Frameworks */,
			);
			runOnlyForDeploymentPostprocessing = 0;
		};
		4419F4411AD88D0200904268 /* Frameworks */ = {
			isa = PBXFrameworksBuildPhase;
			buildActionMask = 2147483647;
			files = (
			);
			runOnlyForDeploymentPostprocessing = 0;
		};
/* End PBXFrameworksBuildPhase section */

/* Begin PBXGroup section */
		4419F4231AD88D0200904268 = {
			isa = PBXGroup;
			children = (
				4419F42E1AD88D0200904268 /* PaceCarJoe */,
				4419F4471AD88D0200904268 /* PaceCarJoeTests */,
				4419F42D1AD88D0200904268 /* Products */,
			);
			sourceTree = "<group>";
		};
		4419F42D1AD88D0200904268 /* Products */ = {
			isa = PBXGroup;
			children = (
				4419F42C1AD88D0200904268 /* PaceCarJoe.app */,
				4419F4441AD88D0200904268 /* PaceCarJoeTests.xctest */,
			);
			name = Products;
			sourceTree = "<group>";
		};
		4419F42E1AD88D0200904268 /* PaceCarJoe */ = {
			isa = PBXGroup;
			children = (
				4419F4311AD88D0200904268 /* AppDelegate.swift */,
				44EF4D181B0568E800EC6A6C /* AuthenticateUser.swift */,
				44EF4D1C1B0569A200EC6A6C /* LoginViewController.swift */,
				44EF4D1E1B0569F500EC6A6C /* CreateAccountViewController.swift */,
				4419F4541AD88E9C00904268 /* MainViewController.swift */,
				4419F4561AD88F0F00904268 /* AboutViewController.swift */,
				44EF4D251B09199500EC6A6C /* ShowsViewController.swift */,
				44EF4D271B0919A500EC6A6C /* ContactViewController.swift */,
				44EF4D231B09195900EC6A6C /* MusicViewController.swift */,
				4419F4381AD88D0200904268 /* Main.storyboard */,
				4419F43B1AD88D0200904268 /* Images.xcassets */,
				4419F43D1AD88D0200904268 /* LaunchScreen.xib */,
				4419F4331AD88D0200904268 /* PaceCarJoe.xcdatamodeld */,
				4419F42F1AD88D0200904268 /* Supporting Files */,
			);
			path = PaceCarJoe;
			sourceTree = "<group>";
		};
		4419F42F1AD88D0200904268 /* Supporting Files */ = {
			isa = PBXGroup;
			children = (
				44EF4D1A1B05693500EC6A6C /* LocalAuthentication.framework */,
				44EF4D291B093C4E00EC6A6C /* AVFoundation.framework */,
				44EF4D211B058B7000EC6A6C /* James.jpg */,
				4419F4301AD88D0200904268 /* Info.plist */,
			);
			name = "Supporting Files";
			sourceTree = "<group>";
		};
		4419F4471AD88D0200904268 /* PaceCarJoeTests */ = {
			isa = PBXGroup;
			children = (
				4419F44A1AD88D0200904268 /* PaceCarJoeTests.swift */,
				4419F4481AD88D0200904268 /* Supporting Files */,
			);
			path = PaceCarJoeTests;
			sourceTree = "<group>";
		};
		4419F4481AD88D0200904268 /* Supporting Files */ = {
			isa = PBXGroup;
			children = (
				4419F4491AD88D0200904268 /* Info.plist */,
			);
			name = "Supporting Files";
			sourceTree = "<group>";
		};
/* End PBXGroup section */

/* Begin PBXNativeTarget section */
		4419F42B1AD88D0200904268 /* PaceCarJoe */ = {
			isa = PBXNativeTarget;
			buildConfigurationList = 4419F44E1AD88D0200904268 /* Build configuration list for PBXNativeTarget "PaceCarJoe" */;
			buildPhases = (
				4419F4281AD88D0200904268 /* Sources */,
				4419F4291AD88D0200904268 /* Frameworks */,
				4419F42A1AD88D0200904268 /* Resources */,
			);
			buildRules = (
			);
			dependencies = (
			);
			name = PaceCarJoe;
			productName = PaceCarJoe;
			productReference = 4419F42C1AD88D0200904268 /* PaceCarJoe.app */;
			productType = "com.apple.product-type.application";
		};
		4419F4431AD88D0200904268 /* PaceCarJoeTests */ = {
			isa = PBXNativeTarget;
			buildConfigurationList = 4419F4511AD88D0200904268 /* Build configuration list for PBXNativeTarget "PaceCarJoeTests" */;
			buildPhases = (
				4419F4401AD88D0200904268 /* Sources */,
				4419F4411AD88D0200904268 /* Frameworks */,
				4419F4421AD88D0200904268 /* Resources */,
			);
			buildRules = (
			);
			dependencies = (
				4419F4461AD88D0200904268 /* PBXTargetDependency */,
			);
			name = PaceCarJoeTests;
			productName = PaceCarJoeTests;
			productReference = 4419F4441AD88D0200904268 /* PaceCarJoeTests.xctest */;
			productType = "com.apple.product-type.bundle.unit-test";
		};
/* End PBXNativeTarget section */

/* Begin PBXProject section */
		4419F4241AD88D0200904268 /* Project object */ = {
			isa = PBXProject;
			attributes = {
				LastUpgradeCheck = 0620;
				ORGANIZATIONNAME = MadKitty;
				TargetAttributes = {
					4419F42B1AD88D0200904268 = {
						CreatedOnToolsVersion = 6.2;
					};
					4419F4431AD88D0200904268 = {
						CreatedOnToolsVersion = 6.2;
						TestTargetID = 4419F42B1AD88D0200904268;
					};
				};
			};
			buildConfigurationList = 4419F4271AD88D0200904268 /* Build configuration list for PBXProject "PaceCarJoe" */;
			compatibilityVersion = "Xcode 3.2";
			developmentRegion = English;
			hasScannedForEncodings = 0;
			knownRegions = (
				en,
				Base,
			);
			mainGroup = 4419F4231AD88D0200904268;
			productRefGroup = 4419F42D1AD88D0200904268 /* Products */;
			projectDirPath = "";
			projectRoot = "";
			targets = (
				4419F42B1AD88D0200904268 /* PaceCarJoe */,
				4419F4431AD88D0200904268 /* PaceCarJoeTests */,
			);
		};
/* End PBXProject section */

/* Begin PBXResourcesBuildPhase section */
		4419F42A1AD88D0200904268 /* Resources */ = {
			isa = PBXResourcesBuildPhase;
			buildActionMask = 2147483647;
			files = (
				4419F43A1AD88D0200904268 /* Main.storyboard in Resources */,
				4419F43F1AD88D0200904268 /* LaunchScreen.xib in Resources */,
				44EF4D221B058B7000EC6A6C /* James.jpg in Resources */,
				4419F43C1AD88D0200904268 /* Images.xcassets in Resources */,
			);
			runOnlyForDeploymentPostprocessing = 0;
		};
		4419F4421AD88D0200904268 /* Resources */ = {
			isa = PBXResourcesBuildPhase;
			buildActionMask = 2147483647;
			files = (
			);
			runOnlyForDeploymentPostprocessing = 0;
		};
/* End PBXResourcesBuildPhase section */

/* Begin PBXSourcesBuildPhase section */
		4419F4281AD88D0200904268 /* Sources */ = {
			isa = PBXSourcesBuildPhase;
			buildActionMask = 2147483647;
			files = (
				44EF4D261B09199500EC6A6C /* ShowsViewController.swift in Sources */,
				44EF4D1F1B0569F500EC6A6C /* CreateAccountViewController.swift in Sources */,
				44EF4D1D1B0569A200EC6A6C /* LoginViewController.swift in Sources */,
				4419F4351AD88D0200904268 /* PaceCarJoe.xcdatamodeld in Sources */,
				4419F4321AD88D0200904268 /* AppDelegate.swift in Sources */,
				44EF4D241B09195900EC6A6C /* MusicViewController.swift in Sources */,
				4419F4571AD88F0F00904268 /* AboutViewController.swift in Sources */,
				44EF4D191B0568E800EC6A6C /* AuthenticateUser.swift in Sources */,
				4419F4551AD88E9C00904268 /* MainViewController.swift in Sources */,
				44EF4D281B0919A500EC6A6C /* ContactViewController.swift in Sources */,
			);
			runOnlyForDeploymentPostprocessing = 0;
		};
		4419F4401AD88D0200904268 /* Sources */ = {
			isa = PBXSourcesBuildPhase;
			buildActionMask = 2147483647;
			files = (
				4419F44B1AD88D0200904268 /* PaceCarJoeTests.swift in Sources */,
			);
			runOnlyForDeploymentPostprocessing = 0;
		};
/* End PBXSourcesBuildPhase section */

/* Begin PBXTargetDependency section */
		4419F4461AD88D0200904268 /* PBXTargetDependency */ = {
			isa = PBXTargetDependency;
			target = 4419F42B1AD88D0200904268 /* PaceCarJoe */;
			targetProxy = 4419F4451AD88D0200904268 /* PBXContainerItemProxy */;
		};
/* End PBXTargetDependency section */

/* Begin PBXVariantGroup section */
		4419F4381AD88D0200904268 /* Main.storyboard */ = {
			isa = PBXVariantGroup;
			children = (
				4419F4391AD88D0200904268 /* Base */,
			);
			name = Main.storyboard;
			sourceTree = "<group>";
		};
		4419F43D1AD88D0200904268 /* LaunchScreen.xib */ = {
			isa = PBXVariantGroup;
			children = (
				4419F43E1AD88D0200904268 /* Base */,
			);
			name = LaunchScreen.xib;
			sourceTree = "<group>";
		};
/* End PBXVariantGroup section */

/* Begin XCBuildConfiguration section */
		4419F44C1AD88D0200904268 /* Debug */ = {
			isa = XCBuildConfiguration;
			buildSettings = {
				ALWAYS_SEARCH_USER_PATHS = NO;
				CLANG_CXX_LANGUAGE_STANDARD = "gnu++0x";
				CLANG_CXX_LIBRARY = "libc++";
				CLANG_ENABLE_MODULES = YES;
				CLANG_ENABLE_OBJC_ARC = YES;
				CLANG_WARN_BOOL_CONVERSION = YES;
				CLANG_WARN_CONSTANT_CONVERSION = YES;
				CLANG_WARN_DIRECT_OBJC_ISA_USAGE = YES_ERROR;
				CLANG_WARN_EMPTY_BODY = YES;
				CLANG_WARN_ENUM_CONVERSION = YES;
				CLANG_WARN_INT_CONVERSION = YES;
				CLANG_WARN_OBJC_ROOT_CLASS = YES_ERROR;
				CLANG_WARN_UNREACHABLE_CODE = YES;
				CLANG_WARN__DUPLICATE_METHOD_MATCH = YES;
				"CODE_SIGN_IDENTITY[sdk=iphoneos*]" = "iPhone Developer";
				COPY_PHASE_STRIP = NO;
				ENABLE_STRICT_OBJC_MSGSEND = YES;
				GCC_C_LANGUAGE_STANDARD = gnu99;
				GCC_DYNAMIC_NO_PIC = NO;
				GCC_OPTIMIZATION_LEVEL = 0;
				GCC_PREPROCESSOR_DEFINITIONS = (
					"DEBUG=1",
					"$(inherited)",
				);
				GCC_SYMBOLS_PRIVATE_EXTERN = NO;
				GCC_WARN_64_TO_32_BIT_CONVERSION = YES;
				GCC_WARN_ABOUT_RETURN_TYPE = YES_ERROR;
				GCC_WARN_UNDECLARED_SELECTOR = YES;
				GCC_WARN_UNINITIALIZED_AUTOS = YES_AGGRESSIVE;
				GCC_WARN_UNUSED_FUNCTION = YES;
				GCC_WARN_UNUSED_VARIABLE = YES;
				IPHONEOS_DEPLOYMENT_TARGET = 8.2;
				MTL_ENABLE_DEBUG_INFO = YES;
				ONLY_ACTIVE_ARCH = YES;
				SDKROOT = iphoneos;
				SWIFT_OPTIMIZATION_LEVEL = "-Onone";
				TARGETED_DEVICE_FAMILY = "1,2";
			};
			name = Debug;
		};
		4419F44D1AD88D0200904268 /* Release */ = {
			isa = XCBuildConfiguration;
			buildSettings = {
				ALWAYS_SEARCH_USER_PATHS = NO;
				CLANG_CXX_LANGUAGE_STANDARD = "gnu++0x";
				CLANG_CXX_LIBRARY = "libc++";
				CLANG_ENABLE_MODULES = YES;
				CLANG_ENABLE_OBJC_ARC = YES;
				CLANG_WARN_BOOL_CONVERSION = YES;
				CLANG_WARN_CONSTANT_CONVERSION = YES;
				CLANG_WARN_DIRECT_OBJC_ISA_USAGE = YES_ERROR;
				CLANG_WARN_EMPTY_BODY = YES;
				CLANG_WARN_ENUM_CONVERSION = YES;
				CLANG_WARN_INT_CONVERSION = YES;
				CLANG_WARN_OBJC_ROOT_CLASS = YES_ERROR;
				CLANG_WARN_UNREACHABLE_CODE = YES;
				CLANG_WARN__DUPLICATE_METHOD_MATCH = YES;
				"CODE_SIGN_IDENTITY[sdk=iphoneos*]" = "iPhone Developer";
				COPY_PHASE_STRIP = NO;
				ENABLE_NS_ASSERTIONS = NO;
				ENABLE_STRICT_OBJC_MSGSEND = YES;
				GCC_C_LANGUAGE_STANDARD = gnu99;
				GCC_WARN_64_TO_32_BIT_CONVERSION = YES;
				GCC_WARN_ABOUT_RETURN_TYPE = YES_ERROR;
				GCC_WARN_UNDECLARED_SELECTOR = YES;
				GCC_WARN_UNINITIALIZED_AUTOS = YES_AGGRESSIVE;
				GCC_WARN_UNUSED_FUNCTION = YES;
				GCC_WARN_UNUSED_VARIABLE = YES;
				IPHONEOS_DEPLOYMENT_TARGET = 8.2;
				MTL_ENABLE_DEBUG_INFO = NO;
				SDKROOT = iphoneos;
				TARGETED_DEVICE_FAMILY = "1,2";
				VALIDATE_PRODUCT = YES;
			};
			name = Release;
		};
		4419F44F1AD88D0200904268 /* Debug */ = {
			isa = XCBuildConfiguration;
			buildSettings = {
				ASSETCATALOG_COMPILER_APPICON_NAME = AppIcon;
				INFOPLIST_FILE = PaceCarJoe/Info.plist;
				IPHONEOS_DEPLOYMENT_TARGET = 8.3;
				LD_RUNPATH_SEARCH_PATHS = "$(inherited) @executable_path/Frameworks";
				PRODUCT_NAME = "$(TARGET_NAME)";
			};
			name = Debug;
		};
		4419F4501AD88D0200904268 /* Release */ = {
			isa = XCBuildConfiguration;
			buildSettings = {
				ASSETCATALOG_COMPILER_APPICON_NAME = AppIcon;
				INFOPLIST_FILE = PaceCarJoe/Info.plist;
				IPHONEOS_DEPLOYMENT_TARGET = 8.3;
				LD_RUNPATH_SEARCH_PATHS = "$(inherited) @executable_path/Frameworks";
				PRODUCT_NAME = "$(TARGET_NAME)";
			};
			name = Release;
		};
		4419F4521AD88D0200904268 /* Debug */ = {
			isa = XCBuildConfiguration;
			buildSettings = {
				BUNDLE_LOADER = "$(TEST_HOST)";
				FRAMEWORK_SEARCH_PATHS = (
					"$(SDKROOT)/Developer/Library/Frameworks",
					"$(inherited)",
				);
				GCC_PREPROCESSOR_DEFINITIONS = (
					"DEBUG=1",
					"$(inherited)",
				);
				INFOPLIST_FILE = PaceCarJoeTests/Info.plist;
				LD_RUNPATH_SEARCH_PATHS = "$(inherited) @executable_path/Frameworks @loader_path/Frameworks";
				PRODUCT_NAME = "$(TARGET_NAME)";
				TEST_HOST = "$(BUILT_PRODUCTS_DIR)/PaceCarJoe.app/PaceCarJoe";
			};
			name = Debug;
		};
		4419F4531AD88D0200904268 /* Release */ = {
			isa = XCBuildConfiguration;
			buildSettings = {
				BUNDLE_LOADER = "$(TEST_HOST)";
				FRAMEWORK_SEARCH_PATHS = (
					"$(SDKROOT)/Developer/Library/Frameworks",
					"$(inherited)",
				);
				INFOPLIST_FILE = PaceCarJoeTests/Info.plist;
				LD_RUNPATH_SEARCH_PATHS = "$(inherited) @executable_path/Frameworks @loader_path/Frameworks";
				PRODUCT_NAME = "$(TARGET_NAME)";
				TEST_HOST = "$(BUILT_PRODUCTS_DIR)/PaceCarJoe.app/PaceCarJoe";
			};
			name = Release;
		};
/* End XCBuildConfiguration section */

/* Begin XCConfigurationList section */
		4419F4271AD88D0200904268 /* Build configuration list for PBXProject "PaceCarJoe" */ = {
			isa = XCConfigurationList;
			buildConfigurations = (
				4419F44C1AD88D0200904268 /* Debug */,
				4419F44D1AD88D0200904268 /* Release */,
			);
			defaultConfigurationIsVisible = 0;
			defaultConfigurationName = Release;
		};
		4419F44E1AD88D0200904268 /* Build configuration list for PBXNativeTarget "PaceCarJoe" */ = {
			isa = XCConfigurationList;
			buildConfigurations = (
				4419F44F1AD88D0200904268 /* Debug */,
				4419F4501AD88D0200904268 /* Release */,
			);
			defaultConfigurationIsVisible = 0;
			defaultConfigurationName = Release;
		};
		4419F4511AD88D0200904268 /* Build configuration list for PBXNativeTarget "PaceCarJoeTests" */ = {
			isa = XCConfigurationList;
			buildConfigurations = (
				4419F4521AD88D0200904268 /* Debug */,
				4419F4531AD88D0200904268 /* Release */,
			);
			defaultConfigurationIsVisible = 0;
			defaultConfigurationName = Release;
		};
/* End XCConfigurationList section */

/* Begin XCVersionGroup section */
		4419F4331AD88D0200904268 /* PaceCarJoe.xcdatamodeld */ = {
			isa = XCVersionGroup;
			children = (
				4419F4341AD88D0200904268 /* PaceCarJoe.xcdatamodel */,
			);
			currentVersion = 4419F4341AD88D0200904268 /* PaceCarJoe.xcdatamodel */;
			path = PaceCarJoe.xcdatamodeld;
			sourceTree = "<group>";
			versionGroupType = wrapper.xcdatamodel;
		};
/* End XCVersionGroup section */
	};
	rootObject = 4419F4241AD88D0200904268 /* Project object */;
}
